
Microsoft Visual Studio Solution File, Format Version 12.00
# Visual Studio 14
VisualStudioVersion = 14.0.23107.0
MinimumVisualStudioVersion = 10.0.40219.1
Project("{F2A71F9B-5D33-465A-A702-920D77279786}") = "PaketTest", "PaketTest\PaketTest.fsproj", "{718FF2C4-475C-4B42-A780-9B1C69E88308}"
EndProject
Project("{2150E333-8FDC-42A3-9474-1A3956D46DE8}") = "SolutionItems", "SolutionItems", "{4232600E-C340-4DE7-9D94-43D9F5B07C4D}"
	ProjectSection(SolutionItems) = preProject
		paket.dependencies = paket.dependencies
		paket.lock = paket.lock
	EndProjectSection
EndProject
Global
	GlobalSection(SolutionConfigurationPlatforms) = preSolution
		Debug|Any CPU = Debug|Any CPU
		Release|Any CPU = Release|Any CPU
	EndGlobalSection
	GlobalSection(ProjectConfigurationPlatforms) = postSolution
		{718FF2C4-475C-4B42-A780-9B1C69E88308}.Debug|Any CPU.ActiveCfg = Debug|Any CPU
		{718FF2C4-475C-4B42-A780-9B1C69E88308}.Debug|Any CPU.Build.0 = Debug|Any CPU
		{718FF2C4-475C-4B42-A780-9B1C69E88308}.Release|Any CPU.ActiveCfg = Release|Any CPU
		{718FF2C4-475C-4B42-A780-9B1C69E88308}.Release|Any CPU.Build.0 = Release|Any CPU
	EndGlobalSection
	GlobalSection(SolutionProperties) = preSolution
		HideSolutionNode = FALSE
	EndGlobalSection
EndGlobal
